
Microsoft Visual Studio Solution File, Format Version 12.00
# Visual Studio Version 17
VisualStudioVersion = 17.6.33815.320
MinimumVisualStudioVersion = 10.0.40219.1
Project("{9A19103F-16F7-4668-BE54-9A1E7A4F7556}") = "SimplifyMemberRepro", "ConsoleApp1\SimplifyMemberRepro.csproj", "{8CEA6D33-E54D-48E5-A19F-353D7BBD43B5}"
EndProject
Global
	GlobalSection(SolutionConfigurationPlatforms) = preSolution
		Debug|Any CPU = Debug|Any CPU
		Release|Any CPU = Release|Any CPU
	EndGlobalSection
	GlobalSection(ProjectConfigurationPlatforms) = postSolution
		{8CEA6D33-E54D-48E5-A19F-353D7BBD43B5}.Debug|Any CPU.ActiveCfg = Debug|Any CPU
		{8CEA6D33-E54D-48E5-A19F-353D7BBD43B5}.Debug|Any CPU.Build.0 = Debug|Any CPU
		{8CEA6D33-E54D-48E5-A19F-353D7BBD43B5}.Release|Any CPU.ActiveCfg = Release|Any CPU
		{8CEA6D33-E54D-48E5-A19F-353D7BBD43B5}.Release|Any CPU.Build.0 = Release|Any CPU
	EndGlobalSection
	GlobalSection(SolutionProperties) = preSolution
		HideSolutionNode = FALSE
	EndGlobalSection
	GlobalSection(ExtensibilityGlobals) = postSolution
		SolutionGuid = {DBD12268-6B53-487A-8134-4E5067405970}
	EndGlobalSection
EndGlobal
